
Microsoft Visual Studio Solution File, Format Version 12.00
# Visual Studio Version 17
VisualStudioVersion = 17.13.35825.156 d17.13
MinimumVisualStudioVersion = 10.0.40219.1
Project("{FAE04EC0-301F-11D3-BF4B-00C04F79EFBC}") = "uppgift Array week 11", "uppgift Array week 11\uppgift Array week 11.csproj", "{A9315F56-6B63-4B5B-96C9-D8CE3D13C7C8}"
EndProject
Global
	GlobalSection(SolutionConfigurationPlatforms) = preSolution
		Debug|Any CPU = Debug|Any CPU
		Release|Any CPU = Release|Any CPU
	EndGlobalSection
	GlobalSection(ProjectConfigurationPlatforms) = postSolution
		{A9315F56-6B63-4B5B-96C9-D8CE3D13C7C8}.Debug|Any CPU.ActiveCfg = Debug|Any CPU
		{A9315F56-6B63-4B5B-96C9-D8CE3D13C7C8}.Debug|Any CPU.Build.0 = Debug|Any CPU
		{A9315F56-6B63-4B5B-96C9-D8CE3D13C7C8}.Release|Any CPU.ActiveCfg = Release|Any CPU
		{A9315F56-6B63-4B5B-96C9-D8CE3D13C7C8}.Release|Any CPU.Build.0 = Release|Any CPU
	EndGlobalSection
	GlobalSection(SolutionProperties) = preSolution
		HideSolutionNode = FALSE
	EndGlobalSection
	GlobalSection(ExtensibilityGlobals) = postSolution
		SolutionGuid = {AC4DA52A-026B-40C8-BC8C-A51F84E2389F}
	EndGlobalSection
EndGlobal
